// !$*UTF8*$!
{
	archiveVersion = 1;
	classes = {
	};
	objectVersion = 46;
	objects = {

/* Begin PBXBuildFile section */
		3E86B30A84DCC7407C43B935 /* Pods_iPose.framework in Frameworks */ = {isa = PBXBuildFile; fileRef = 60A63AFCDD2D82DBB929408A /* Pods_iPose.framework */; };
		9ED0C0DC1A906B81EF2A0BDD /* Pods_iPose.framework in Frameworks */ = {isa = PBXBuildFile; fileRef = 41EDE7436E4C18EDA8B75D56 /* Pods_iPose.framework */; };
		F006348D1D63224900B72006 /* UIImageExtension.swift in Sources */ = {isa = PBXBuildFile; fileRef = F006348C1D63224900B72006 /* UIImageExtension.swift */; };
		F00F2E561D5B60F6005F19AE /* AppDelegate.swift in Sources */ = {isa = PBXBuildFile; fileRef = F00F2E551D5B60F6005F19AE /* AppDelegate.swift */; };
		F00F2E581D5B60F6005F19AE /* MainViewController.swift in Sources */ = {isa = PBXBuildFile; fileRef = F00F2E571D5B60F6005F19AE /* MainViewController.swift */; };
		F00F2E5B1D5B60F6005F19AE /* Main.storyboard in Resources */ = {isa = PBXBuildFile; fileRef = F00F2E591D5B60F6005F19AE /* Main.storyboard */; };
		F00F2E5D1D5B60F7005F19AE /* Assets.xcassets in Resources */ = {isa = PBXBuildFile; fileRef = F00F2E5C1D5B60F7005F19AE /* Assets.xcassets */; };
		F00F2E601D5B60F7005F19AE /* LaunchScreen.storyboard in Resources */ = {isa = PBXBuildFile; fileRef = F00F2E5E1D5B60F7005F19AE /* LaunchScreen.storyboard */; };
		F00F2E6B1D5B60F7005F19AE /* iPoseTests.swift in Sources */ = {isa = PBXBuildFile; fileRef = F00F2E6A1D5B60F7005F19AE /* iPoseTests.swift */; };
		F00F2E761D5B60F7005F19AE /* iPoseUITests.swift in Sources */ = {isa = PBXBuildFile; fileRef = F00F2E751D5B60F7005F19AE /* iPoseUITests.swift */; };
		F012D4CB1D713F4A00452AF2 /* PoseImageShowView.swift in Sources */ = {isa = PBXBuildFile; fileRef = F012D4CA1D713F4A00452AF2 /* PoseImageShowView.swift */; };
		F012D4CD1D713F8A00452AF2 /* PoseImageShowView.xib in Resources */ = {isa = PBXBuildFile; fileRef = F012D4CC1D713F8A00452AF2 /* PoseImageShowView.xib */; };
		F02082431D5CB19900708062 /* PoseImageCollectionCell.xib in Resources */ = {isa = PBXBuildFile; fileRef = F02082421D5CB19900708062 /* PoseImageCollectionCell.xib */; };
		F02082451D5CB1DE00708062 /* PoseImageCollectionCell.swift in Sources */ = {isa = PBXBuildFile; fileRef = F02082441D5CB1DE00708062 /* PoseImageCollectionCell.swift */; };
		F02082471D5CB4ED00708062 /* PoseChildViewController.swift in Sources */ = {isa = PBXBuildFile; fileRef = F02082461D5CB4ED00708062 /* PoseChildViewController.swift */; };
		F020824B1D5CB57300708062 /* IPViewController.swift in Sources */ = {isa = PBXBuildFile; fileRef = F020824A1D5CB57300708062 /* IPViewController.swift */; };
		F020824E1D5CBB1500708062 /* UICollectionViewExtension.swift in Sources */ = {isa = PBXBuildFile; fileRef = F020824D1D5CBB1500708062 /* UICollectionViewExtension.swift */; };
		F02082511D5CBC5000708062 /* ResuableView.swift in Sources */ = {isa = PBXBuildFile; fileRef = F02082501D5CBC5000708062 /* ResuableView.swift */; };
		F02082531D5CBCAC00708062 /* NibLoadableView.swift in Sources */ = {isa = PBXBuildFile; fileRef = F02082521D5CBCAC00708062 /* NibLoadableView.swift */; };
		F02082551D5CBCE900708062 /* UICollectionViewCellExtension.swift in Sources */ = {isa = PBXBuildFile; fileRef = F02082541D5CBCE900708062 /* UICollectionViewCellExtension.swift */; };
		F02082571D5CC1D900708062 /* CategoryLabelCollectionCell.swift in Sources */ = {isa = PBXBuildFile; fileRef = F02082561D5CC1D900708062 /* CategoryLabelCollectionCell.swift */; };
		F036D9C41D71CD5300FD31AA /* PoseModelType.swift in Sources */ = {isa = PBXBuildFile; fileRef = F036D9C31D71CD5300FD31AA /* PoseModelType.swift */; };
		F05B5B501D61ED2800DC9769 /* ImageFilterHelper.swift in Sources */ = {isa = PBXBuildFile; fileRef = F05B5B4F1D61ED2800DC9769 /* ImageFilterHelper.swift */; };
		F0634E2C1D5F69D70052A4AE /* CameraSessionView.m in Sources */ = {isa = PBXBuildFile; fileRef = F0634E131D5F69D70052A4AE /* CameraSessionView.m */; };
		F0634E2D1D5F69D70052A4AE /* CameraDismissButton.m in Sources */ = {isa = PBXBuildFile; fileRef = F0634E171D5F69D70052A4AE /* CameraDismissButton.m */; };
		F0634E2E1D5F69D70052A4AE /* CameraFlashButton.m in Sources */ = {isa = PBXBuildFile; fileRef = F0634E191D5F69D70052A4AE /* CameraFlashButton.m */; };
		F0634E2F1D5F69D70052A4AE /* CameraFocalReticule.m in Sources */ = {isa = PBXBuildFile; fileRef = F0634E1B1D5F69D70052A4AE /* CameraFocalReticule.m */; };
		F0634E301D5F69D70052A4AE /* CameraShutterButton.m in Sources */ = {isa = PBXBuildFile; fileRef = F0634E1D1D5F69D70052A4AE /* CameraShutterButton.m */; };
		F0634E311D5F69D70052A4AE /* CameraToggleButton.m in Sources */ = {isa = PBXBuildFile; fileRef = F0634E1F1D5F69D70052A4AE /* CameraToggleButton.m */; };
		F0634E321D5F69D70052A4AE /* LaunchCameraButton.m in Sources */ = {isa = PBXBuildFile; fileRef = F0634E211D5F69D70052A4AE /* LaunchCameraButton.m */; };
		F0634E331D5F69D70052A4AE /* Cool Camera Mockup.sketch in Resources */ = {isa = PBXBuildFile; fileRef = F0634E221D5F69D70052A4AE /* Cool Camera Mockup.sketch */; };
		F0634E341D5F69D70052A4AE /* PaintCodeFile.pcvd in Resources */ = {isa = PBXBuildFile; fileRef = F0634E231D5F69D70052A4AE /* PaintCodeFile.pcvd */; };
		F0634E351D5F69D70052A4AE /* CameraStyleKitClass.m in Sources */ = {isa = PBXBuildFile; fileRef = F0634E261D5F69D70052A4AE /* CameraStyleKitClass.m */; };
		F0634E361D5F69D70052A4AE /* CaptureSessionManager.m in Sources */ = {isa = PBXBuildFile; fileRef = F0634E291D5F69D70052A4AE /* CaptureSessionManager.m */; };
		F0634E371D5F69D70052A4AE /* Constants.m in Sources */ = {isa = PBXBuildFile; fileRef = F0634E2B1D5F69D70052A4AE /* Constants.m */; };
		F0634E3A1D5F6D8F0052A4AE /* CameraViewController.swift in Sources */ = {isa = PBXBuildFile; fileRef = F0634E391D5F6D8F0052A4AE /* CameraViewController.swift */; };
		F07EF0EB1D7280BD0077CDDB /* RequestHelpers.swift in Sources */ = {isa = PBXBuildFile; fileRef = F07EF0EA1D7280BD0077CDDB /* RequestHelpers.swift */; };
		F07EF0ED1D7282760077CDDB /* GetPicsRequestHelper.swift in Sources */ = {isa = PBXBuildFile; fileRef = F07EF0EC1D7282760077CDDB /* GetPicsRequestHelper.swift */; };
		F07EF0EF1D7285600077CDDB /* SinRequestHelper.swift in Sources */ = {isa = PBXBuildFile; fileRef = F07EF0EE1D7285600077CDDB /* SinRequestHelper.swift */; };
		F07EF0F11D7285820077CDDB /* DouRequestHelper.swift in Sources */ = {isa = PBXBuildFile; fileRef = F07EF0F01D7285820077CDDB /* DouRequestHelper.swift */; };
		F07EF0F31D7285A40077CDDB /* SmaRequestHelper.swift in Sources */ = {isa = PBXBuildFile; fileRef = F07EF0F21D7285A40077CDDB /* SmaRequestHelper.swift */; };
		F07EF0F51D7285BC0077CDDB /* BigRequestHelper.swift in Sources */ = {isa = PBXBuildFile; fileRef = F07EF0F41D7285BC0077CDDB /* BigRequestHelper.swift */; };
		F07EF0F71D72876D0077CDDB /* MyHotRequestHelpers.swift in Sources */ = {isa = PBXBuildFile; fileRef = F07EF0F61D72876D0077CDDB /* MyHotRequestHelpers.swift */; };
		F0A629991D5EC10700ABDBEC /* UIViewControllerExtension.swift in Sources */ = {isa = PBXBuildFile; fileRef = F0A629981D5EC10700ABDBEC /* UIViewControllerExtension.swift */; };
		F0A6299C1D5EC1E100ABDBEC /* StoryBoardExtension.swift in Sources */ = {isa = PBXBuildFile; fileRef = F0A6299B1D5EC1E100ABDBEC /* StoryBoardExtension.swift */; };
		F0A629A01D5ED42B00ABDBEC /* Model.swift in Sources */ = {isa = PBXBuildFile; fileRef = F0A6299F1D5ED42B00ABDBEC /* Model.swift */; };
		F0BE9B941D66D0670003CB2E /* libWeChatSDK.a in Frameworks */ = {isa = PBXBuildFile; fileRef = F0BE9B8E1D66D0670003CB2E /* libWeChatSDK.a */; };
		F0BE9B951D66D0670003CB2E /* read_me.txt in Resources */ = {isa = PBXBuildFile; fileRef = F0BE9B8F1D66D0670003CB2E /* read_me.txt */; };
		F0BE9B961D66D0670003CB2E /* README.txt in Resources */ = {isa = PBXBuildFile; fileRef = F0BE9B901D66D0670003CB2E /* README.txt */; };
		F0BE9B9E1D674F510003CB2E /* IPCameraViewController.swift in Sources */ = {isa = PBXBuildFile; fileRef = F0BE9B9D1D674F510003CB2E /* IPCameraViewController.swift */; };
		F0BE9BA11D674F790003CB2E /* IPPreviewView.swift in Sources */ = {isa = PBXBuildFile; fileRef = F0BE9BA01D674F790003CB2E /* IPPreviewView.swift */; };
		F0C1F3151D5EBEEB008F365F /* Global.swift in Sources */ = {isa = PBXBuildFile; fileRef = F0C1F3141D5EBEEB008F365F /* Global.swift */; };
		F0C78B131D60152C00791FD7 /* FilterImageViewController.swift in Sources */ = {isa = PBXBuildFile; fileRef = F0C78B121D60152C00791FD7 /* FilterImageViewController.swift */; };
		F0C885B01D5D64F900B2ECF0 /* GPUImage.framework in Frameworks */ = {isa = PBXBuildFile; fileRef = F0C885AB1D5D64E400B2ECF0 /* GPUImage.framework */; };
		F0C885B41D5D64F900B2ECF0 /* Alamofire.framework in Frameworks */ = {isa = PBXBuildFile; fileRef = F0C885B11D5D64F900B2ECF0 /* Alamofire.framework */; };
		F0C885B51D5D64F900B2ECF0 /* Kingfisher.framework in Frameworks */ = {isa = PBXBuildFile; fileRef = F0C885B21D5D64F900B2ECF0 /* Kingfisher.framework */; };
		F0C885B61D5D64F900B2ECF0 /* SwiftyJSON.framework in Frameworks */ = {isa = PBXBuildFile; fileRef = F0C885B31D5D64F900B2ECF0 /* SwiftyJSON.framework */; };
		F0C885B81D5D650B00B2ECF0 /* QuartzCore.framework in Frameworks */ = {isa = PBXBuildFile; fileRef = F0C885B71D5D650B00B2ECF0 /* QuartzCore.framework */; };
		F0C885BA1D5D651D00B2ECF0 /* CoreVideo.framework in Frameworks */ = {isa = PBXBuildFile; fileRef = F0C885B91D5D651D00B2ECF0 /* CoreVideo.framework */; };
		F0C885BC1D5D652400B2ECF0 /* OpenGLES.framework in Frameworks */ = {isa = PBXBuildFile; fileRef = F0C885BB1D5D652400B2ECF0 /* OpenGLES.framework */; };
		F0C885BE1D5D653000B2ECF0 /* AVFoundation.framework in Frameworks */ = {isa = PBXBuildFile; fileRef = F0C885BD1D5D653000B2ECF0 /* AVFoundation.framework */; };
		F0C885C01D5D654C00B2ECF0 /* CoreMedia.framework in Frameworks */ = {isa = PBXBuildFile; fileRef = F0C885BF1D5D654C00B2ECF0 /* CoreMedia.framework */; };
		F0C885C51D5D6A7200B2ECF0 /* GPUImage.framework in CopyFiles */ = {isa = PBXBuildFile; fileRef = F0C885AB1D5D64E400B2ECF0 /* GPUImage.framework */; settings = {ATTRIBUTES = (CodeSignOnCopy, RemoveHeadersOnCopy, ); }; };
/* End PBXBuildFile section */

/* Begin PBXContainerItemProxy section */
		F00F2E671D5B60F7005F19AE /* PBXContainerItemProxy */ = {
			isa = PBXContainerItemProxy;
			containerPortal = F00F2E4A1D5B60F6005F19AE /* Project object */;
			proxyType = 1;
			remoteGlobalIDString = F00F2E511D5B60F6005F19AE;
			remoteInfo = iPose;
		};
		F00F2E721D5B60F7005F19AE /* PBXContainerItemProxy */ = {
			isa = PBXContainerItemProxy;
			containerPortal = F00F2E4A1D5B60F6005F19AE /* Project object */;
			proxyType = 1;
			remoteGlobalIDString = F00F2E511D5B60F6005F19AE;
			remoteInfo = iPose;
		};
		F0C885AA1D5D64E400B2ECF0 /* PBXContainerItemProxy */ = {
			isa = PBXContainerItemProxy;
			containerPortal = F0C885A51D5D64E400B2ECF0 /* GPUImage-iOS.xcodeproj */;
			proxyType = 2;
			remoteGlobalIDString = BCD1B1251C66A262001F2BDC;
			remoteInfo = GPUImage;
		};
		F0C885AC1D5D64E400B2ECF0 /* PBXContainerItemProxy */ = {
			isa = PBXContainerItemProxy;
			containerPortal = F0C885A51D5D64E400B2ECF0 /* GPUImage-iOS.xcodeproj */;
			proxyType = 2;
			remoteGlobalIDString = BCD1B12F1C66A262001F2BDC;
			remoteInfo = GPUImageTests;
		};
		F0C885AE1D5D64F100B2ECF0 /* PBXContainerItemProxy */ = {
			isa = PBXContainerItemProxy;
			containerPortal = F0C885A51D5D64E400B2ECF0 /* GPUImage-iOS.xcodeproj */;
			proxyType = 1;
			remoteGlobalIDString = BCD1B1241C66A262001F2BDC;
			remoteInfo = GPUImage;
		};
/* End PBXContainerItemProxy section */

/* Begin PBXCopyFilesBuildPhase section */
		F0C885C21D5D6A1400B2ECF0 /* CopyFiles */ = {
			isa = PBXCopyFilesBuildPhase;
			buildActionMask = 2147483647;
			dstPath = "";
			dstSubfolderSpec = 10;
			files = (
				F0C885C51D5D6A7200B2ECF0 /* GPUImage.framework in CopyFiles */,
			);
			runOnlyForDeploymentPostprocessing = 0;
		};
/* End PBXCopyFilesBuildPhase section */

/* Begin PBXFileReference section */
		0F5C3EB97DCCD54893638D0D /* Pods-iPose.release.xcconfig */ = {isa = PBXFileReference; includeInIndex = 1; lastKnownFileType = text.xcconfig; name = "Pods-iPose.release.xcconfig"; path = "Pods/Target Support Files/Pods-iPose/Pods-iPose.release.xcconfig"; sourceTree = "<group>"; };
		41EDE7436E4C18EDA8B75D56 /* Pods_iPose.framework */ = {isa = PBXFileReference; explicitFileType = wrapper.framework; includeInIndex = 0; path = Pods_iPose.framework; sourceTree = BUILT_PRODUCTS_DIR; };
		60A63AFCDD2D82DBB929408A /* Pods_iPose.framework */ = {isa = PBXFileReference; explicitFileType = wrapper.framework; includeInIndex = 0; path = Pods_iPose.framework; sourceTree = BUILT_PRODUCTS_DIR; };
		94EE30DF3386ABCE19A5B21D /* Pods-iPose.debug.xcconfig */ = {isa = PBXFileReference; includeInIndex = 1; lastKnownFileType = text.xcconfig; name = "Pods-iPose.debug.xcconfig"; path = "Pods/Target Support Files/Pods-iPose/Pods-iPose.debug.xcconfig"; sourceTree = "<group>"; };
		F006348C1D63224900B72006 /* UIImageExtension.swift */ = {isa = PBXFileReference; fileEncoding = 4; lastKnownFileType = sourcecode.swift; name = UIImageExtension.swift; path = Extension/UIImageExtension.swift; sourceTree = "<group>"; };
		F00F2E521D5B60F6005F19AE /* iPose.app */ = {isa = PBXFileReference; explicitFileType = wrapper.application; includeInIndex = 0; path = iPose.app; sourceTree = BUILT_PRODUCTS_DIR; };
		F00F2E551D5B60F6005F19AE /* AppDelegate.swift */ = {isa = PBXFileReference; lastKnownFileType = sourcecode.swift; path = AppDelegate.swift; sourceTree = "<group>"; };
		F00F2E571D5B60F6005F19AE /* MainViewController.swift */ = {isa = PBXFileReference; lastKnownFileType = sourcecode.swift; path = MainViewController.swift; sourceTree = "<group>"; };
		F00F2E5A1D5B60F6005F19AE /* Base */ = {isa = PBXFileReference; lastKnownFileType = file.storyboard; name = Base; path = Base.lproj/Main.storyboard; sourceTree = "<group>"; };
		F00F2E5C1D5B60F7005F19AE /* Assets.xcassets */ = {isa = PBXFileReference; lastKnownFileType = folder.assetcatalog; name = Assets.xcassets; path = iPose/Assets.xcassets; sourceTree = "<group>"; };
		F00F2E5F1D5B60F7005F19AE /* Base */ = {isa = PBXFileReference; lastKnownFileType = file.storyboard; name = Base; path = Base.lproj/LaunchScreen.storyboard; sourceTree = "<group>"; };
		F00F2E611D5B60F7005F19AE /* Info.plist */ = {isa = PBXFileReference; lastKnownFileType = text.plist.xml; name = Info.plist; path = iPose/Info.plist; sourceTree = "<group>"; };
		F00F2E661D5B60F7005F19AE /* iPoseTests.xctest */ = {isa = PBXFileReference; explicitFileType = wrapper.cfbundle; includeInIndex = 0; path = iPoseTests.xctest; sourceTree = BUILT_PRODUCTS_DIR; };
		F00F2E6A1D5B60F7005F19AE /* iPoseTests.swift */ = {isa = PBXFileReference; lastKnownFileType = sourcecode.swift; path = iPoseTests.swift; sourceTree = "<group>"; };
		F00F2E6C1D5B60F7005F19AE /* Info.plist */ = {isa = PBXFileReference; lastKnownFileType = text.plist.xml; path = Info.plist; sourceTree = "<group>"; };
		F00F2E711D5B60F7005F19AE /* iPoseUITests.xctest */ = {isa = PBXFileReference; explicitFileType = wrapper.cfbundle; includeInIndex = 0; path = iPoseUITests.xctest; sourceTree = BUILT_PRODUCTS_DIR; };
		F00F2E751D5B60F7005F19AE /* iPoseUITests.swift */ = {isa = PBXFileReference; lastKnownFileType = sourcecode.swift; path = iPoseUITests.swift; sourceTree = "<group>"; };
		F00F2E771D5B60F7005F19AE /* Info.plist */ = {isa = PBXFileReference; lastKnownFileType = text.plist.xml; path = Info.plist; sourceTree = "<group>"; };
		F012D4CA1D713F4A00452AF2 /* PoseImageShowView.swift */ = {isa = PBXFileReference; fileEncoding = 4; lastKnownFileType = sourcecode.swift; name = PoseImageShowView.swift; path = View/PoseImageShowView.swift; sourceTree = "<group>"; };
		F012D4CC1D713F8A00452AF2 /* PoseImageShowView.xib */ = {isa = PBXFileReference; fileEncoding = 4; lastKnownFileType = file.xib; name = PoseImageShowView.xib; path = View/PoseImageShowView.xib; sourceTree = "<group>"; };
		F02082421D5CB19900708062 /* PoseImageCollectionCell.xib */ = {isa = PBXFileReference; fileEncoding = 4; lastKnownFileType = file.xib; name = PoseImageCollectionCell.xib; path = View/PoseImageCollectionCell.xib; sourceTree = "<group>"; };
		F02082441D5CB1DE00708062 /* PoseImageCollectionCell.swift */ = {isa = PBXFileReference; fileEncoding = 4; lastKnownFileType = sourcecode.swift; name = PoseImageCollectionCell.swift; path = View/PoseImageCollectionCell.swift; sourceTree = "<group>"; };
		F02082461D5CB4ED00708062 /* PoseChildViewController.swift */ = {isa = PBXFileReference; fileEncoding = 4; lastKnownFileType = sourcecode.swift; path = PoseChildViewController.swift; sourceTree = "<group>"; };
		F020824A1D5CB57300708062 /* IPViewController.swift */ = {isa = PBXFileReference; fileEncoding = 4; lastKnownFileType = sourcecode.swift; name = IPViewController.swift; path = Common/ViewControllers/IPViewController.swift; sourceTree = "<group>"; };
		F020824D1D5CBB1500708062 /* UICollectionViewExtension.swift */ = {isa = PBXFileReference; fileEncoding = 4; lastKnownFileType = sourcecode.swift; name = UICollectionViewExtension.swift; path = Extension/UICollectionViewExtension.swift; sourceTree = "<group>"; };
		F02082501D5CBC5000708062 /* ResuableView.swift */ = {isa = PBXFileReference; fileEncoding = 4; lastKnownFileType = sourcecode.swift; name = ResuableView.swift; path = Common/Protocol/ResuableView.swift; sourceTree = "<group>"; };
		F02082521D5CBCAC00708062 /* NibLoadableView.swift */ = {isa = PBXFileReference; fileEncoding = 4; lastKnownFileType = sourcecode.swift; name = NibLoadableView.swift; path = Common/Protocol/NibLoadableView.swift; sourceTree = "<group>"; };
		F02082541D5CBCE900708062 /* UICollectionViewCellExtension.swift */ = {isa = PBXFileReference; fileEncoding = 4; lastKnownFileType = sourcecode.swift; name = UICollectionViewCellExtension.swift; path = Extension/UICollectionViewCellExtension.swift; sourceTree = "<group>"; };
		F02082561D5CC1D900708062 /* CategoryLabelCollectionCell.swift */ = {isa = PBXFileReference; fileEncoding = 4; lastKnownFileType = sourcecode.swift; name = CategoryLabelCollectionCell.swift; path = View/CategoryLabelCollectionCell.swift; sourceTree = "<group>"; };
		F036D9C31D71CD5300FD31AA /* PoseModelType.swift */ = {isa = PBXFileReference; fileEncoding = 4; lastKnownFileType = sourcecode.swift; name = PoseModelType.swift; path = Common/Protocol/PoseModelType.swift; sourceTree = "<group>"; };
		F05B5B4F1D61ED2800DC9769 /* ImageFilterHelper.swift */ = {isa = PBXFileReference; fileEncoding = 4; lastKnownFileType = sourcecode.swift; name = ImageFilterHelper.swift; path = Common/Helper/ImageFilterHelper.swift; sourceTree = "<group>"; };
		F0634E121D5F69D70052A4AE /* CameraSessionView.h */ = {isa = PBXFileReference; fileEncoding = 4; lastKnownFileType = sourcecode.c.h; path = CameraSessionView.h; sourceTree = "<group>"; };
		F0634E131D5F69D70052A4AE /* CameraSessionView.m */ = {isa = PBXFileReference; fileEncoding = 4; lastKnownFileType = sourcecode.c.objc; path = CameraSessionView.m; sourceTree = "<group>"; };
		F0634E161D5F69D70052A4AE /* CameraDismissButton.h */ = {isa = PBXFileReference; fileEncoding = 4; lastKnownFileType = sourcecode.c.h; path = CameraDismissButton.h; sourceTree = "<group>"; };
		F0634E171D5F69D70052A4AE /* CameraDismissButton.m */ = {isa = PBXFileReference; fileEncoding = 4; lastKnownFileType = sourcecode.c.objc; path = CameraDismissButton.m; sourceTree = "<group>"; };
		F0634E181D5F69D70052A4AE /* CameraFlashButton.h */ = {isa = PBXFileReference; fileEncoding = 4; lastKnownFileType = sourcecode.c.h; path = CameraFlashButton.h; sourceTree = "<group>"; };
		F0634E191D5F69D70052A4AE /* CameraFlashButton.m */ = {isa = PBXFileReference; fileEncoding = 4; lastKnownFileType = sourcecode.c.objc; path = CameraFlashButton.m; sourceTree = "<group>"; };
		F0634E1A1D5F69D70052A4AE /* CameraFocalReticule.h */ = {isa = PBXFileReference; fileEncoding = 4; lastKnownFileType = sourcecode.c.h; path = CameraFocalReticule.h; sourceTree = "<group>"; };
		F0634E1B1D5F69D70052A4AE /* CameraFocalReticule.m */ = {isa = PBXFileReference; fileEncoding = 4; lastKnownFileType = sourcecode.c.objc; path = CameraFocalReticule.m; sourceTree = "<group>"; };
		F0634E1C1D5F69D70052A4AE /* CameraShutterButton.h */ = {isa = PBXFileReference; fileEncoding = 4; lastKnownFileType = sourcecode.c.h; path = CameraShutterButton.h; sourceTree = "<group>"; };
		F0634E1D1D5F69D70052A4AE /* CameraShutterButton.m */ = {isa = PBXFileReference; fileEncoding = 4; lastKnownFileType = sourcecode.c.objc; path = CameraShutterButton.m; sourceTree = "<group>"; };
		F0634E1E1D5F69D70052A4AE /* CameraToggleButton.h */ = {isa = PBXFileReference; fileEncoding = 4; lastKnownFileType = sourcecode.c.h; path = CameraToggleButton.h; sourceTree = "<group>"; };
		F0634E1F1D5F69D70052A4AE /* CameraToggleButton.m */ = {isa = PBXFileReference; fileEncoding = 4; lastKnownFileType = sourcecode.c.objc; path = CameraToggleButton.m; sourceTree = "<group>"; };
		F0634E201D5F69D70052A4AE /* LaunchCameraButton.h */ = {isa = PBXFileReference; fileEncoding = 4; lastKnownFileType = sourcecode.c.h; path = LaunchCameraButton.h; sourceTree = "<group>"; };
		F0634E211D5F69D70052A4AE /* LaunchCameraButton.m */ = {isa = PBXFileReference; fileEncoding = 4; lastKnownFileType = sourcecode.c.objc; path = LaunchCameraButton.m; sourceTree = "<group>"; };
		F0634E221D5F69D70052A4AE /* Cool Camera Mockup.sketch */ = {isa = PBXFileReference; lastKnownFileType = file; path = "Cool Camera Mockup.sketch"; sourceTree = "<group>"; };
		F0634E231D5F69D70052A4AE /* PaintCodeFile.pcvd */ = {isa = PBXFileReference; lastKnownFileType = file.bplist; path = PaintCodeFile.pcvd; sourceTree = "<group>"; };
		F0634E251D5F69D70052A4AE /* CameraStyleKitClass.h */ = {isa = PBXFileReference; fileEncoding = 4; lastKnownFileType = sourcecode.c.h; path = CameraStyleKitClass.h; sourceTree = "<group>"; };
		F0634E261D5F69D70052A4AE /* CameraStyleKitClass.m */ = {isa = PBXFileReference; fileEncoding = 4; lastKnownFileType = sourcecode.c.objc; path = CameraStyleKitClass.m; sourceTree = "<group>"; };
		F0634E281D5F69D70052A4AE /* CaptureSessionManager.h */ = {isa = PBXFileReference; fileEncoding = 4; lastKnownFileType = sourcecode.c.h; path = CaptureSessionManager.h; sourceTree = "<group>"; };
		F0634E291D5F69D70052A4AE /* CaptureSessionManager.m */ = {isa = PBXFileReference; fileEncoding = 4; lastKnownFileType = sourcecode.c.objc; path = CaptureSessionManager.m; sourceTree = "<group>"; };
		F0634E2A1D5F69D70052A4AE /* Constants.h */ = {isa = PBXFileReference; fileEncoding = 4; lastKnownFileType = sourcecode.c.h; path = Constants.h; sourceTree = "<group>"; };
		F0634E2B1D5F69D70052A4AE /* Constants.m */ = {isa = PBXFileReference; fileEncoding = 4; lastKnownFileType = sourcecode.c.objc; path = Constants.m; sourceTree = "<group>"; };
		F0634E381D5F6ABD0052A4AE /* iPose_Bridging_Header.h */ = {isa = PBXFileReference; lastKnownFileType = sourcecode.c.h; name = iPose_Bridging_Header.h; path = iPose/iPose_Bridging_Header.h; sourceTree = "<group>"; };
		F0634E391D5F6D8F0052A4AE /* CameraViewController.swift */ = {isa = PBXFileReference; fileEncoding = 4; lastKnownFileType = sourcecode.swift; path = CameraViewController.swift; sourceTree = "<group>"; };
		F07EF0EA1D7280BD0077CDDB /* RequestHelpers.swift */ = {isa = PBXFileReference; fileEncoding = 4; lastKnownFileType = sourcecode.swift; name = RequestHelpers.swift; path = Helpers/RequestHelpers/RequestHelpers.swift; sourceTree = "<group>"; };
		F07EF0EC1D7282760077CDDB /* GetPicsRequestHelper.swift */ = {isa = PBXFileReference; fileEncoding = 4; lastKnownFileType = sourcecode.swift; name = GetPicsRequestHelper.swift; path = Helpers/RequestHelpers/GetPicsRequestHelper.swift; sourceTree = "<group>"; };
		F07EF0EE1D7285600077CDDB /* SinRequestHelper.swift */ = {isa = PBXFileReference; fileEncoding = 4; lastKnownFileType = sourcecode.swift; name = SinRequestHelper.swift; path = Helpers/RequestHelpers/SinRequestHelper.swift; sourceTree = "<group>"; };
		F07EF0F01D7285820077CDDB /* DouRequestHelper.swift */ = {isa = PBXFileReference; fileEncoding = 4; lastKnownFileType = sourcecode.swift; name = DouRequestHelper.swift; path = Helpers/RequestHelpers/DouRequestHelper.swift; sourceTree = "<group>"; };
		F07EF0F21D7285A40077CDDB /* SmaRequestHelper.swift */ = {isa = PBXFileReference; fileEncoding = 4; lastKnownFileType = sourcecode.swift; name = SmaRequestHelper.swift; path = Helpers/RequestHelpers/SmaRequestHelper.swift; sourceTree = "<group>"; };
		F07EF0F41D7285BC0077CDDB /* BigRequestHelper.swift */ = {isa = PBXFileReference; fileEncoding = 4; lastKnownFileType = sourcecode.swift; name = BigRequestHelper.swift; path = Helpers/RequestHelpers/BigRequestHelper.swift; sourceTree = "<group>"; };
		F07EF0F61D72876D0077CDDB /* MyHotRequestHelpers.swift */ = {isa = PBXFileReference; fileEncoding = 4; lastKnownFileType = sourcecode.swift; name = MyHotRequestHelpers.swift; path = Helpers/RequestHelpers/MyHotRequestHelpers.swift; sourceTree = "<group>"; };
		F0A629981D5EC10700ABDBEC /* UIViewControllerExtension.swift */ = {isa = PBXFileReference; fileEncoding = 4; lastKnownFileType = sourcecode.swift; name = UIViewControllerExtension.swift; path = Extension/UIViewControllerExtension.swift; sourceTree = "<group>"; };
		F0A6299B1D5EC1E100ABDBEC /* StoryBoardExtension.swift */ = {isa = PBXFileReference; fileEncoding = 4; lastKnownFileType = sourcecode.swift; name = StoryBoardExtension.swift; path = Extension/StoryBoardExtension.swift; sourceTree = "<group>"; };
		F0A6299F1D5ED42B00ABDBEC /* Model.swift */ = {isa = PBXFileReference; fileEncoding = 4; lastKnownFileType = sourcecode.swift; name = Model.swift; path = Model/Model.swift; sourceTree = "<group>"; };
		F0BE9B8E1D66D0670003CB2E /* libWeChatSDK.a */ = {isa = PBXFileReference; lastKnownFileType = archive.ar; path = libWeChatSDK.a; sourceTree = "<group>"; };
		F0BE9B8F1D66D0670003CB2E /* read_me.txt */ = {isa = PBXFileReference; fileEncoding = 4; lastKnownFileType = text; path = read_me.txt; sourceTree = "<group>"; };
		F0BE9B901D66D0670003CB2E /* README.txt */ = {isa = PBXFileReference; fileEncoding = 4; lastKnownFileType = text; path = README.txt; sourceTree = "<group>"; };
		F0BE9B911D66D0670003CB2E /* WechatAuthSDK.h */ = {isa = PBXFileReference; fileEncoding = 4; lastKnownFileType = sourcecode.c.h; path = WechatAuthSDK.h; sourceTree = "<group>"; };
		F0BE9B921D66D0670003CB2E /* WXApi.h */ = {isa = PBXFileReference; fileEncoding = 4; lastKnownFileType = sourcecode.c.h; path = WXApi.h; sourceTree = "<group>"; };
		F0BE9B931D66D0670003CB2E /* WXApiObject.h */ = {isa = PBXFileReference; fileEncoding = 4; lastKnownFileType = sourcecode.c.h; path = WXApiObject.h; sourceTree = "<group>"; };
		F0BE9B981D66D0950003CB2E /* SystemConfiguration.framework */ = {isa = PBXFileReference; lastKnownFileType = wrapper.framework; name = SystemConfiguration.framework; path = System/Library/Frameworks/SystemConfiguration.framework; sourceTree = SDKROOT; };
		F0BE9B9D1D674F510003CB2E /* IPCameraViewController.swift */ = {isa = PBXFileReference; fileEncoding = 4; lastKnownFileType = sourcecode.swift; path = IPCameraViewController.swift; sourceTree = "<group>"; };
		F0BE9BA01D674F790003CB2E /* IPPreviewView.swift */ = {isa = PBXFileReference; fileEncoding = 4; lastKnownFileType = sourcecode.swift; name = IPPreviewView.swift; path = View/IPPreviewView.swift; sourceTree = "<group>"; };
		F0C1F3141D5EBEEB008F365F /* Global.swift */ = {isa = PBXFileReference; fileEncoding = 4; lastKnownFileType = sourcecode.swift; name = Global.swift; path = Global/Global.swift; sourceTree = "<group>"; };
		F0C78B121D60152C00791FD7 /* FilterImageViewController.swift */ = {isa = PBXFileReference; fileEncoding = 4; lastKnownFileType = sourcecode.swift; path = FilterImageViewController.swift; sourceTree = "<group>"; };
		F0C885A51D5D64E400B2ECF0 /* GPUImage-iOS.xcodeproj */ = {isa = PBXFileReference; lastKnownFileType = "wrapper.pb-project"; name = "GPUImage-iOS.xcodeproj"; path = "iPose/framework/GPUImage-iOS.xcodeproj"; sourceTree = "<group>"; };
		F0C885B11D5D64F900B2ECF0 /* Alamofire.framework */ = {isa = PBXFileReference; lastKnownFileType = wrapper.framework; name = Alamofire.framework; path = "../../Library/Developer/Xcode/DerivedData/iPose-erctzadvebfqnbgafqorbrvmhgyf/Build/Products/Debug-iphonesimulator/Alamofire/Alamofire.framework"; sourceTree = "<group>"; };
		F0C885B21D5D64F900B2ECF0 /* Kingfisher.framework */ = {isa = PBXFileReference; lastKnownFileType = wrapper.framework; name = Kingfisher.framework; path = "../../Library/Developer/Xcode/DerivedData/iPose-erctzadvebfqnbgafqorbrvmhgyf/Build/Products/Debug-iphonesimulator/Kingfisher/Kingfisher.framework"; sourceTree = "<group>"; };
		F0C885B31D5D64F900B2ECF0 /* SwiftyJSON.framework */ = {isa = PBXFileReference; lastKnownFileType = wrapper.framework; name = SwiftyJSON.framework; path = "../../Library/Developer/Xcode/DerivedData/iPose-erctzadvebfqnbgafqorbrvmhgyf/Build/Products/Debug-iphonesimulator/SwiftyJSON/SwiftyJSON.framework"; sourceTree = "<group>"; };
		F0C885B71D5D650B00B2ECF0 /* QuartzCore.framework */ = {isa = PBXFileReference; lastKnownFileType = wrapper.framework; name = QuartzCore.framework; path = System/Library/Frameworks/QuartzCore.framework; sourceTree = SDKROOT; };
		F0C885B91D5D651D00B2ECF0 /* CoreVideo.framework */ = {isa = PBXFileReference; lastKnownFileType = wrapper.framework; name = CoreVideo.framework; path = System/Library/Frameworks/CoreVideo.framework; sourceTree = SDKROOT; };
		F0C885BB1D5D652400B2ECF0 /* OpenGLES.framework */ = {isa = PBXFileReference; lastKnownFileType = wrapper.framework; name = OpenGLES.framework; path = System/Library/Frameworks/OpenGLES.framework; sourceTree = SDKROOT; };
		F0C885BD1D5D653000B2ECF0 /* AVFoundation.framework */ = {isa = PBXFileReference; lastKnownFileType = wrapper.framework; name = AVFoundation.framework; path = System/Library/Frameworks/AVFoundation.framework; sourceTree = SDKROOT; };
		F0C885BF1D5D654C00B2ECF0 /* CoreMedia.framework */ = {isa = PBXFileReference; lastKnownFileType = wrapper.framework; name = CoreMedia.framework; path = System/Library/Frameworks/CoreMedia.framework; sourceTree = SDKROOT; };
/* End PBXFileReference section */

/* Begin PBXFrameworksBuildPhase section */
		F00F2E4F1D5B60F6005F19AE /* Frameworks */ = {
			isa = PBXFrameworksBuildPhase;
			buildActionMask = 2147483647;
			files = (
				F0C885C01D5D654C00B2ECF0 /* CoreMedia.framework in Frameworks */,
				F0C885BE1D5D653000B2ECF0 /* AVFoundation.framework in Frameworks */,
				F0BE9B941D66D0670003CB2E /* libWeChatSDK.a in Frameworks */,
				F0C885BC1D5D652400B2ECF0 /* OpenGLES.framework in Frameworks */,
				F0C885BA1D5D651D00B2ECF0 /* CoreVideo.framework in Frameworks */,
				F0C885B81D5D650B00B2ECF0 /* QuartzCore.framework in Frameworks */,
				F0C885B41D5D64F900B2ECF0 /* Alamofire.framework in Frameworks */,
				F0C885B51D5D64F900B2ECF0 /* Kingfisher.framework in Frameworks */,
				F0C885B61D5D64F900B2ECF0 /* SwiftyJSON.framework in Frameworks */,
				F0C885B01D5D64F900B2ECF0 /* GPUImage.framework in Frameworks */,
				3E86B30A84DCC7407C43B935 /* Pods_iPose.framework in Frameworks */,
				9ED0C0DC1A906B81EF2A0BDD /* Pods_iPose.framework in Frameworks */,
			);
			runOnlyForDeploymentPostprocessing = 0;
		};
		F00F2E631D5B60F7005F19AE /* Frameworks */ = {
			isa = PBXFrameworksBuildPhase;
			buildActionMask = 2147483647;
			files = (
			);
			runOnlyForDeploymentPostprocessing = 0;
		};
		F00F2E6E1D5B60F7005F19AE /* Frameworks */ = {
			isa = PBXFrameworksBuildPhase;
			buildActionMask = 2147483647;
			files = (
			);
			runOnlyForDeploymentPostprocessing = 0;
		};
/* End PBXFrameworksBuildPhase section */

/* Begin PBXGroup section */
		08AE55E2939D5E6DD5C6AF82 /* Frameworks */ = {
			isa = PBXGroup;
			children = (
				F0C885BF1D5D654C00B2ECF0 /* CoreMedia.framework */,
				F0C885BD1D5D653000B2ECF0 /* AVFoundation.framework */,
				F0C885BB1D5D652400B2ECF0 /* OpenGLES.framework */,
				F0C885B91D5D651D00B2ECF0 /* CoreVideo.framework */,
				F0C885B71D5D650B00B2ECF0 /* QuartzCore.framework */,
				F0C885B11D5D64F900B2ECF0 /* Alamofire.framework */,
				F0C885B21D5D64F900B2ECF0 /* Kingfisher.framework */,
				F0C885B31D5D64F900B2ECF0 /* SwiftyJSON.framework */,
				F0C885A51D5D64E400B2ECF0 /* GPUImage-iOS.xcodeproj */,
				60A63AFCDD2D82DBB929408A /* Pods_iPose.framework */,
			);
			name = Frameworks;
			sourceTree = "<group>";
		};
		233D7B5CF67CE8DD4B3C124D /* Pods */ = {
			isa = PBXGroup;
			children = (
				94EE30DF3386ABCE19A5B21D /* Pods-iPose.debug.xcconfig */,
				0F5C3EB97DCCD54893638D0D /* Pods-iPose.release.xcconfig */,
			);
			name = Pods;
			sourceTree = "<group>";
		};
		8B2E7D0BC2A56BA83BBD60FD /* Frameworks */ = {
			isa = PBXGroup;
			children = (
				F0BE9B981D66D0950003CB2E /* SystemConfiguration.framework */,
				41EDE7436E4C18EDA8B75D56 /* Pods_iPose.framework */,
			);
			name = Frameworks;
			sourceTree = "<group>";
		};
		F00F2E491D5B60F6005F19AE = {
			isa = PBXGroup;
			children = (
				F00F2E541D5B60F6005F19AE /* iPose */,
				233D7B5CF67CE8DD4B3C124D /* Pods */,
				F02082401D5C82D300708062 /* Resource */,
				8B2E7D0BC2A56BA83BBD60FD /* Frameworks */,
			);
			sourceTree = "<group>";
		};
		F00F2E531D5B60F6005F19AE /* Products */ = {
			isa = PBXGroup;
			children = (
				F00F2E521D5B60F6005F19AE /* iPose.app */,
				F00F2E661D5B60F7005F19AE /* iPoseTests.xctest */,
				F00F2E711D5B60F7005F19AE /* iPoseUITests.xctest */,
			);
			name = Products;
			sourceTree = "<group>";
		};
		F00F2E541D5B60F6005F19AE /* iPose */ = {
			isa = PBXGroup;
			children = (
				F00F2E551D5B60F6005F19AE /* AppDelegate.swift */,
				F00F2E571D5B60F6005F19AE /* MainViewController.swift */,
				F0634E391D5F6D8F0052A4AE /* CameraViewController.swift */,
				F02082461D5CB4ED00708062 /* PoseChildViewController.swift */,
				F0C78B121D60152C00791FD7 /* FilterImageViewController.swift */,
				F0BE9B9D1D674F510003CB2E /* IPCameraViewController.swift */,
				F00F2E591D5B60F6005F19AE /* Main.storyboard */,
				F07EF0E71D7280690077CDDB /* Helpers */,
				F0A6299D1D5ECD9600ABDBEC /* Model */,
				F0C1F3131D5EBECE008F365F /* Global */,
				F020824C1D5CBAE900708062 /* Extension */,
				F02082481D5CB52C00708062 /* Common */,
				F02082411D5CB14A00708062 /* View */,
				F0634E0E1D5F69B40052A4AE /* Vendor */,
			);
			path = iPose;
			sourceTree = "<group>";
		};
		F00F2E691D5B60F7005F19AE /* iPoseTests */ = {
			isa = PBXGroup;
			children = (
				F00F2E6A1D5B60F7005F19AE /* iPoseTests.swift */,
				F00F2E6C1D5B60F7005F19AE /* Info.plist */,
			);
			path = iPoseTests;
			sourceTree = "<group>";
		};
		F00F2E741D5B60F7005F19AE /* iPoseUITests */ = {
			isa = PBXGroup;
			children = (
				F00F2E751D5B60F7005F19AE /* iPoseUITests.swift */,
				F00F2E771D5B60F7005F19AE /* Info.plist */,
			);
			path = iPoseUITests;
			sourceTree = "<group>";
		};
		F02082401D5C82D300708062 /* Resource */ = {
			isa = PBXGroup;
			children = (
				F0634E381D5F6ABD0052A4AE /* iPose_Bridging_Header.h */,
				F00F2E5C1D5B60F7005F19AE /* Assets.xcassets */,
				F00F2E5E1D5B60F7005F19AE /* LaunchScreen.storyboard */,
				F00F2E611D5B60F7005F19AE /* Info.plist */,
				F0BE9B8D1D66D0670003CB2E /* SDKExport */,
				08AE55E2939D5E6DD5C6AF82 /* Frameworks */,
				F00F2E691D5B60F7005F19AE /* iPoseTests */,
				F00F2E741D5B60F7005F19AE /* iPoseUITests */,
				F00F2E531D5B60F6005F19AE /* Products */,
			);
			name = Resource;
			sourceTree = "<group>";
		};
		F02082411D5CB14A00708062 /* View */ = {
			isa = PBXGroup;
			children = (
				F02082441D5CB1DE00708062 /* PoseImageCollectionCell.swift */,
				F02082421D5CB19900708062 /* PoseImageCollectionCell.xib */,
				F02082561D5CC1D900708062 /* CategoryLabelCollectionCell.swift */,
				F0BE9BA01D674F790003CB2E /* IPPreviewView.swift */,
				F012D4CA1D713F4A00452AF2 /* PoseImageShowView.swift */,
				F012D4CC1D713F8A00452AF2 /* PoseImageShowView.xib */,
			);
			name = View;
			sourceTree = "<group>";
		};
		F02082481D5CB52C00708062 /* Common */ = {
			isa = PBXGroup;
			children = (
				F05B5B4D1D61ED0000DC9769 /* Helper */,
				F020824F1D5CBB4200708062 /* Protocol */,
				F02082491D5CB54E00708062 /* ViewControllers */,
			);
			name = Common;
			sourceTree = "<group>";
		};
		F02082491D5CB54E00708062 /* ViewControllers */ = {
			isa = PBXGroup;
			children = (
				F020824A1D5CB57300708062 /* IPViewController.swift */,
			);
			name = ViewControllers;
			sourceTree = "<group>";
		};
		F020824C1D5CBAE900708062 /* Extension */ = {
			isa = PBXGroup;
			children = (
				F020824D1D5CBB1500708062 /* UICollectionViewExtension.swift */,
				F02082541D5CBCE900708062 /* UICollectionViewCellExtension.swift */,
				F0A629981D5EC10700ABDBEC /* UIViewControllerExtension.swift */,
				F0A6299B1D5EC1E100ABDBEC /* StoryBoardExtension.swift */,
				F006348C1D63224900B72006 /* UIImageExtension.swift */,
			);
			name = Extension;
			sourceTree = "<group>";
		};
		F020824F1D5CBB4200708062 /* Protocol */ = {
			isa = PBXGroup;
			children = (
				F02082501D5CBC5000708062 /* ResuableView.swift */,
				F02082521D5CBCAC00708062 /* NibLoadableView.swift */,
				F036D9C31D71CD5300FD31AA /* PoseModelType.swift */,
			);
			name = Protocol;
			sourceTree = "<group>";
		};
		F05B5B4D1D61ED0000DC9769 /* Helper */ = {
			isa = PBXGroup;
			children = (
				F05B5B4F1D61ED2800DC9769 /* ImageFilterHelper.swift */,
			);
			name = Helper;
			sourceTree = "<group>";
		};
		F0634E0E1D5F69B40052A4AE /* Vendor */ = {
			isa = PBXGroup;
			children = (
				F0634E101D5F69D70052A4AE /* CustomizableCamera */,
			);
			name = Vendor;
			sourceTree = "<group>";
		};
		F0634E101D5F69D70052A4AE /* CustomizableCamera */ = {
			isa = PBXGroup;
			children = (
				F0634E111D5F69D70052A4AE /* Camera View */,
				F0634E141D5F69D70052A4AE /* Graphical Assets */,
				F0634E271D5F69D70052A4AE /* Model Classes */,
			);
			path = CustomizableCamera;
			sourceTree = "<group>";
		};
		F0634E111D5F69D70052A4AE /* Camera View */ = {
			isa = PBXGroup;
			children = (
				F0634E121D5F69D70052A4AE /* CameraSessionView.h */,
				F0634E131D5F69D70052A4AE /* CameraSessionView.m */,
			);
			path = "Camera View";
			sourceTree = "<group>";
		};
		F0634E141D5F69D70052A4AE /* Graphical Assets */ = {
			isa = PBXGroup;
			children = (
				F0634E151D5F69D70052A4AE /* CameraViewComponents */,
				F0634E221D5F69D70052A4AE /* Cool Camera Mockup.sketch */,
				F0634E231D5F69D70052A4AE /* PaintCodeFile.pcvd */,
				F0634E241D5F69D70052A4AE /* UI Assets */,
			);
			path = "Graphical Assets";
			sourceTree = "<group>";
		};
		F0634E151D5F69D70052A4AE /* CameraViewComponents */ = {
			isa = PBXGroup;
			children = (
				F0634E161D5F69D70052A4AE /* CameraDismissButton.h */,
				F0634E171D5F69D70052A4AE /* CameraDismissButton.m */,
				F0634E181D5F69D70052A4AE /* CameraFlashButton.h */,
				F0634E191D5F69D70052A4AE /* CameraFlashButton.m */,
				F0634E1A1D5F69D70052A4AE /* CameraFocalReticule.h */,
				F0634E1B1D5F69D70052A4AE /* CameraFocalReticule.m */,
				F0634E1C1D5F69D70052A4AE /* CameraShutterButton.h */,
				F0634E1D1D5F69D70052A4AE /* CameraShutterButton.m */,
				F0634E1E1D5F69D70052A4AE /* CameraToggleButton.h */,
				F0634E1F1D5F69D70052A4AE /* CameraToggleButton.m */,
				F0634E201D5F69D70052A4AE /* LaunchCameraButton.h */,
				F0634E211D5F69D70052A4AE /* LaunchCameraButton.m */,
			);
			path = CameraViewComponents;
			sourceTree = "<group>";
		};
		F0634E241D5F69D70052A4AE /* UI Assets */ = {
			isa = PBXGroup;
			children = (
				F0634E251D5F69D70052A4AE /* CameraStyleKitClass.h */,
				F0634E261D5F69D70052A4AE /* CameraStyleKitClass.m */,
			);
			path = "UI Assets";
			sourceTree = "<group>";
		};
		F0634E271D5F69D70052A4AE /* Model Classes */ = {
			isa = PBXGroup;
			children = (
				F0634E281D5F69D70052A4AE /* CaptureSessionManager.h */,
				F0634E291D5F69D70052A4AE /* CaptureSessionManager.m */,
				F0634E2A1D5F69D70052A4AE /* Constants.h */,
				F0634E2B1D5F69D70052A4AE /* Constants.m */,
			);
			path = "Model Classes";
			sourceTree = "<group>";
		};
		F07EF0E71D7280690077CDDB /* Helpers */ = {
			isa = PBXGroup;
			children = (
				F07EF0E91D7280890077CDDB /* RequestHelpers */,
			);
			name = Helpers;
			sourceTree = "<group>";
		};
		F07EF0E91D7280890077CDDB /* RequestHelpers */ = {
			isa = PBXGroup;
			children = (
				F07EF0EA1D7280BD0077CDDB /* RequestHelpers.swift */,
				F07EF0EC1D7282760077CDDB /* GetPicsRequestHelper.swift */,
				F07EF0EE1D7285600077CDDB /* SinRequestHelper.swift */,
				F07EF0F01D7285820077CDDB /* DouRequestHelper.swift */,
				F07EF0F21D7285A40077CDDB /* SmaRequestHelper.swift */,
				F07EF0F41D7285BC0077CDDB /* BigRequestHelper.swift */,
				F07EF0F61D72876D0077CDDB /* MyHotRequestHelpers.swift */,
			);
			name = RequestHelpers;
			sourceTree = "<group>";
		};
		F0A6299D1D5ECD9600ABDBEC /* Model */ = {
			isa = PBXGroup;
			children = (
				F0A6299F1D5ED42B00ABDBEC /* Model.swift */,
			);
			name = Model;
			sourceTree = "<group>";
		};
		F0BE9B8D1D66D0670003CB2E /* SDKExport */ = {
			isa = PBXGroup;
			children = (
				F0BE9B8E1D66D0670003CB2E /* libWeChatSDK.a */,
				F0BE9B8F1D66D0670003CB2E /* read_me.txt */,
				F0BE9B901D66D0670003CB2E /* README.txt */,
				F0BE9B911D66D0670003CB2E /* WechatAuthSDK.h */,
				F0BE9B921D66D0670003CB2E /* WXApi.h */,
				F0BE9B931D66D0670003CB2E /* WXApiObject.h */,
			);
			path = SDKExport;
			sourceTree = "<group>";
		};
		F0C1F3131D5EBECE008F365F /* Global */ = {
			isa = PBXGroup;
			children = (
				F0C1F3141D5EBEEB008F365F /* Global.swift */,
			);
			name = Global;
			sourceTree = "<group>";
		};
		F0C885A61D5D64E400B2ECF0 /* Products */ = {
			isa = PBXGroup;
			children = (
				F0C885AB1D5D64E400B2ECF0 /* GPUImage.framework */,
				F0C885AD1D5D64E400B2ECF0 /* GPUImageTests.xctest */,
			);
			name = Products;
			sourceTree = "<group>";
		};
/* End PBXGroup section */

/* Begin PBXNativeTarget section */
		F00F2E511D5B60F6005F19AE /* iPose */ = {
			isa = PBXNativeTarget;
			buildConfigurationList = F00F2E7A1D5B60F7005F19AE /* Build configuration list for PBXNativeTarget "iPose" */;
			buildPhases = (
				2A4682D35A74A4E8CE60F755 /* 📦 Check Pods Manifest.lock */,
				F00F2E4E1D5B60F6005F19AE /* Sources */,
				F00F2E4F1D5B60F6005F19AE /* Frameworks */,
				F00F2E501D5B60F6005F19AE /* Resources */,
				E85F69CCF97C4B52C9CCDDF3 /* 📦 Embed Pods Frameworks */,
				C1B5DFF128BFD348C20AC3E1 /* 📦 Copy Pods Resources */,
				F0C885C21D5D6A1400B2ECF0 /* CopyFiles */,
			);
			buildRules = (
			);
			dependencies = (
				F0C885AF1D5D64F100B2ECF0 /* PBXTargetDependency */,
			);
			name = iPose;
			productName = iPose;
			productReference = F00F2E521D5B60F6005F19AE /* iPose.app */;
			productType = "com.apple.product-type.application";
		};
		F00F2E651D5B60F7005F19AE /* iPoseTests */ = {
			isa = PBXNativeTarget;
			buildConfigurationList = F00F2E7D1D5B60F7005F19AE /* Build configuration list for PBXNativeTarget "iPoseTests" */;
			buildPhases = (
				F00F2E621D5B60F7005F19AE /* Sources */,
				F00F2E631D5B60F7005F19AE /* Frameworks */,
				F00F2E641D5B60F7005F19AE /* Resources */,
			);
			buildRules = (
			);
			dependencies = (
				F00F2E681D5B60F7005F19AE /* PBXTargetDependency */,
			);
			name = iPoseTests;
			productName = iPoseTests;
			productReference = F00F2E661D5B60F7005F19AE /* iPoseTests.xctest */;
			productType = "com.apple.product-type.bundle.unit-test";
		};
		F00F2E701D5B60F7005F19AE /* iPoseUITests */ = {
			isa = PBXNativeTarget;
			buildConfigurationList = F00F2E801D5B60F7005F19AE /* Build configuration list for PBXNativeTarget "iPoseUITests" */;
			buildPhases = (
				F00F2E6D1D5B60F7005F19AE /* Sources */,
				F00F2E6E1D5B60F7005F19AE /* Frameworks */,
				F00F2E6F1D5B60F7005F19AE /* Resources */,
			);
			buildRules = (
			);
			dependencies = (
				F00F2E731D5B60F7005F19AE /* PBXTargetDependency */,
			);
			name = iPoseUITests;
			productName = iPoseUITests;
			productReference = F00F2E711D5B60F7005F19AE /* iPoseUITests.xctest */;
			productType = "com.apple.product-type.bundle.ui-testing";
		};
/* End PBXNativeTarget section */

/* Begin PBXProject section */
		F00F2E4A1D5B60F6005F19AE /* Project object */ = {
			isa = PBXProject;
			attributes = {
				LastSwiftUpdateCheck = 0730;
				LastUpgradeCheck = 0730;
				ORGANIZATIONNAME = "王振宇";
				TargetAttributes = {
					F00F2E511D5B60F6005F19AE = {
						CreatedOnToolsVersion = 7.3.1;
						DevelopmentTeam = 2C4PYBTY58;
					};
					F00F2E651D5B60F7005F19AE = {
						CreatedOnToolsVersion = 7.3.1;
						DevelopmentTeam = 2C4PYBTY58;
						TestTargetID = F00F2E511D5B60F6005F19AE;
					};
					F00F2E701D5B60F7005F19AE = {
						CreatedOnToolsVersion = 7.3.1;
						DevelopmentTeam = 2C4PYBTY58;
						TestTargetID = F00F2E511D5B60F6005F19AE;
					};
				};
			};
			buildConfigurationList = F00F2E4D1D5B60F6005F19AE /* Build configuration list for PBXProject "iPose" */;
			compatibilityVersion = "Xcode 3.2";
			developmentRegion = English;
			hasScannedForEncodings = 0;
			knownRegions = (
				en,
				Base,
			);
			mainGroup = F00F2E491D5B60F6005F19AE;
			productRefGroup = F00F2E531D5B60F6005F19AE /* Products */;
			projectDirPath = "";
			projectReferences = (
				{
					ProductGroup = F0C885A61D5D64E400B2ECF0 /* Products */;
					ProjectRef = F0C885A51D5D64E400B2ECF0 /* GPUImage-iOS.xcodeproj */;
				},
			);
			projectRoot = "";
			targets = (
				F00F2E511D5B60F6005F19AE /* iPose */,
				F00F2E651D5B60F7005F19AE /* iPoseTests */,
				F00F2E701D5B60F7005F19AE /* iPoseUITests */,
			);
		};
/* End PBXProject section */

/* Begin PBXReferenceProxy section */
		F0C885AB1D5D64E400B2ECF0 /* GPUImage.framework */ = {
			isa = PBXReferenceProxy;
			fileType = wrapper.framework;
			path = GPUImage.framework;
			remoteRef = F0C885AA1D5D64E400B2ECF0 /* PBXContainerItemProxy */;
			sourceTree = BUILT_PRODUCTS_DIR;
		};
		F0C885AD1D5D64E400B2ECF0 /* GPUImageTests.xctest */ = {
			isa = PBXReferenceProxy;
			fileType = wrapper.cfbundle;
			path = GPUImageTests.xctest;
			remoteRef = F0C885AC1D5D64E400B2ECF0 /* PBXContainerItemProxy */;
			sourceTree = BUILT_PRODUCTS_DIR;
		};
/* End PBXReferenceProxy section */

/* Begin PBXResourcesBuildPhase section */
		F00F2E501D5B60F6005F19AE /* Resources */ = {
			isa = PBXResourcesBuildPhase;
			buildActionMask = 2147483647;
			files = (
				F0634E341D5F69D70052A4AE /* PaintCodeFile.pcvd in Resources */,
				F00F2E601D5B60F7005F19AE /* LaunchScreen.storyboard in Resources */,
				F00F2E5D1D5B60F7005F19AE /* Assets.xcassets in Resources */,
				F02082431D5CB19900708062 /* PoseImageCollectionCell.xib in Resources */,
				F0634E331D5F69D70052A4AE /* Cool Camera Mockup.sketch in Resources */,
				F00F2E5B1D5B60F6005F19AE /* Main.storyboard in Resources */,
				F0BE9B961D66D0670003CB2E /* README.txt in Resources */,
				F0BE9B951D66D0670003CB2E /* read_me.txt in Resources */,
				F012D4CD1D713F8A00452AF2 /* PoseImageShowView.xib in Resources */,
			);
			runOnlyForDeploymentPostprocessing = 0;
		};
		F00F2E641D5B60F7005F19AE /* Resources */ = {
			isa = PBXResourcesBuildPhase;
			buildActionMask = 2147483647;
			files = (
			);
			runOnlyForDeploymentPostprocessing = 0;
		};
		F00F2E6F1D5B60F7005F19AE /* Resources */ = {
			isa = PBXResourcesBuildPhase;
			buildActionMask = 2147483647;
			files = (
			);
			runOnlyForDeploymentPostprocessing = 0;
		};
/* End PBXResourcesBuildPhase section */

/* Begin PBXShellScriptBuildPhase section */
		2A4682D35A74A4E8CE60F755 /* 📦 Check Pods Manifest.lock */ = {
			isa = PBXShellScriptBuildPhase;
			buildActionMask = 2147483647;
			files = (
			);
			inputPaths = (
			);
			name = "📦 Check Pods Manifest.lock";
			outputPaths = (
			);
			runOnlyForDeploymentPostprocessing = 0;
			shellPath = /bin/sh;
			shellScript = "diff \"${PODS_ROOT}/../Podfile.lock\" \"${PODS_ROOT}/Manifest.lock\" > /dev/null\nif [[ $? != 0 ]] ; then\n    cat << EOM\nerror: The sandbox is not in sync with the Podfile.lock. Run 'pod install' or update your CocoaPods installation.\nEOM\n    exit 1\nfi\n";
			showEnvVarsInLog = 0;
		};
		C1B5DFF128BFD348C20AC3E1 /* 📦 Copy Pods Resources */ = {
			isa = PBXShellScriptBuildPhase;
			buildActionMask = 2147483647;
			files = (
			);
			inputPaths = (
			);
			name = "📦 Copy Pods Resources";
			outputPaths = (
			);
			runOnlyForDeploymentPostprocessing = 0;
			shellPath = /bin/sh;
			shellScript = "\"${SRCROOT}/Pods/Target Support Files/Pods-iPose/Pods-iPose-resources.sh\"\n";
			showEnvVarsInLog = 0;
		};
		E85F69CCF97C4B52C9CCDDF3 /* 📦 Embed Pods Frameworks */ = {
			isa = PBXShellScriptBuildPhase;
			buildActionMask = 2147483647;
			files = (
			);
			inputPaths = (
			);
			name = "📦 Embed Pods Frameworks";
			outputPaths = (
			);
			runOnlyForDeploymentPostprocessing = 0;
			shellPath = /bin/sh;
			shellScript = "\"${SRCROOT}/Pods/Target Support Files/Pods-iPose/Pods-iPose-frameworks.sh\"\n";
			showEnvVarsInLog = 0;
		};
/* End PBXShellScriptBuildPhase section */

/* Begin PBXSourcesBuildPhase section */
		F00F2E4E1D5B60F6005F19AE /* Sources */ = {
			isa = PBXSourcesBuildPhase;
			buildActionMask = 2147483647;
			files = (
				F0634E321D5F69D70052A4AE /* LaunchCameraButton.m in Sources */,
				F02082571D5CC1D900708062 /* CategoryLabelCollectionCell.swift in Sources */,
				F0634E2F1D5F69D70052A4AE /* CameraFocalReticule.m in Sources */,
				F07EF0F31D7285A40077CDDB /* SmaRequestHelper.swift in Sources */,
				F07EF0EB1D7280BD0077CDDB /* RequestHelpers.swift in Sources */,
				F0634E2D1D5F69D70052A4AE /* CameraDismissButton.m in Sources */,
				F0634E301D5F69D70052A4AE /* CameraShutterButton.m in Sources */,
				F02082531D5CBCAC00708062 /* NibLoadableView.swift in Sources */,
				F00F2E581D5B60F6005F19AE /* MainViewController.swift in Sources */,
				F012D4CB1D713F4A00452AF2 /* PoseImageShowView.swift in Sources */,
				F0634E2E1D5F69D70052A4AE /* CameraFlashButton.m in Sources */,
				F0A6299C1D5EC1E100ABDBEC /* StoryBoardExtension.swift in Sources */,
				F02082451D5CB1DE00708062 /* PoseImageCollectionCell.swift in Sources */,
				F05B5B501D61ED2800DC9769 /* ImageFilterHelper.swift in Sources */,
				F07EF0F51D7285BC0077CDDB /* BigRequestHelper.swift in Sources */,
				F0634E351D5F69D70052A4AE /* CameraStyleKitClass.m in Sources */,
				F0634E371D5F69D70052A4AE /* Constants.m in Sources */,
				F07EF0EF1D7285600077CDDB /* SinRequestHelper.swift in Sources */,
				F02082471D5CB4ED00708062 /* PoseChildViewController.swift in Sources */,
				F0634E2C1D5F69D70052A4AE /* CameraSessionView.m in Sources */,
				F00F2E561D5B60F6005F19AE /* AppDelegate.swift in Sources */,
				F0634E361D5F69D70052A4AE /* CaptureSessionManager.m in Sources */,
				F0634E3A1D5F6D8F0052A4AE /* CameraViewController.swift in Sources */,
				F0A629A01D5ED42B00ABDBEC /* Model.swift in Sources */,
				F0C1F3151D5EBEEB008F365F /* Global.swift in Sources */,
				F0634E311D5F69D70052A4AE /* CameraToggleButton.m in Sources */,
				F0C78B131D60152C00791FD7 /* FilterImageViewController.swift in Sources */,
				F0BE9B9E1D674F510003CB2E /* IPCameraViewController.swift in Sources */,
				F036D9C41D71CD5300FD31AA /* PoseModelType.swift in Sources */,
				F02082551D5CBCE900708062 /* UICollectionViewCellExtension.swift in Sources */,
				F07EF0ED1D7282760077CDDB /* GetPicsRequestHelper.swift in Sources */,
				F006348D1D63224900B72006 /* UIImageExtension.swift in Sources */,
				F0A629991D5EC10700ABDBEC /* UIViewControllerExtension.swift in Sources */,
				F0BE9BA11D674F790003CB2E /* IPPreviewView.swift in Sources */,
				F07EF0F71D72876D0077CDDB /* MyHotRequestHelpers.swift in Sources */,
				F020824E1D5CBB1500708062 /* UICollectionViewExtension.swift in Sources */,
				F020824B1D5CB57300708062 /* IPViewController.swift in Sources */,
				F07EF0F11D7285820077CDDB /* DouRequestHelper.swift in Sources */,
				F02082511D5CBC5000708062 /* ResuableView.swift in Sources */,
			);
			runOnlyForDeploymentPostprocessing = 0;
		};
		F00F2E621D5B60F7005F19AE /* Sources */ = {
			isa = PBXSourcesBuildPhase;
			buildActionMask = 2147483647;
			files = (
				F00F2E6B1D5B60F7005F19AE /* iPoseTests.swift in Sources */,
			);
			runOnlyForDeploymentPostprocessing = 0;
		};
		F00F2E6D1D5B60F7005F19AE /* Sources */ = {
			isa = PBXSourcesBuildPhase;
			buildActionMask = 2147483647;
			files = (
				F00F2E761D5B60F7005F19AE /* iPoseUITests.swift in Sources */,
			);
			runOnlyForDeploymentPostprocessing = 0;
		};
/* End PBXSourcesBuildPhase section */

/* Begin PBXTargetDependency section */
		F00F2E681D5B60F7005F19AE /* PBXTargetDependency */ = {
			isa = PBXTargetDependency;
			target = F00F2E511D5B60F6005F19AE /* iPose */;
			targetProxy = F00F2E671D5B60F7005F19AE /* PBXContainerItemProxy */;
		};
		F00F2E731D5B60F7005F19AE /* PBXTargetDependency */ = {
			isa = PBXTargetDependency;
			target = F00F2E511D5B60F6005F19AE /* iPose */;
			targetProxy = F00F2E721D5B60F7005F19AE /* PBXContainerItemProxy */;
		};
		F0C885AF1D5D64F100B2ECF0 /* PBXTargetDependency */ = {
			isa = PBXTargetDependency;
			name = GPUImage;
			targetProxy = F0C885AE1D5D64F100B2ECF0 /* PBXContainerItemProxy */;
		};
/* End PBXTargetDependency section */

/* Begin PBXVariantGroup section */
		F00F2E591D5B60F6005F19AE /* Main.storyboard */ = {
			isa = PBXVariantGroup;
			children = (
				F00F2E5A1D5B60F6005F19AE /* Base */,
			);
			name = Main.storyboard;
			sourceTree = "<group>";
		};
		F00F2E5E1D5B60F7005F19AE /* LaunchScreen.storyboard */ = {
			isa = PBXVariantGroup;
			children = (
				F00F2E5F1D5B60F7005F19AE /* Base */,
			);
			name = LaunchScreen.storyboard;
			path = iPose;
			sourceTree = "<group>";
		};
/* End PBXVariantGroup section */

/* Begin XCBuildConfiguration section */
		F00F2E781D5B60F7005F19AE /* Debug */ = {
			isa = XCBuildConfiguration;
			buildSettings = {
				ALWAYS_SEARCH_USER_PATHS = NO;
				CLANG_ANALYZER_NONNULL = YES;
				CLANG_CXX_LANGUAGE_STANDARD = "gnu++0x";
				CLANG_CXX_LIBRARY = "libc++";
				CLANG_ENABLE_MODULES = YES;
				CLANG_ENABLE_OBJC_ARC = YES;
				CLANG_WARN_BOOL_CONVERSION = YES;
				CLANG_WARN_CONSTANT_CONVERSION = YES;
				CLANG_WARN_DIRECT_OBJC_ISA_USAGE = YES_ERROR;
				CLANG_WARN_EMPTY_BODY = YES;
				CLANG_WARN_ENUM_CONVERSION = YES;
				CLANG_WARN_INT_CONVERSION = YES;
				CLANG_WARN_OBJC_ROOT_CLASS = YES_ERROR;
				CLANG_WARN_UNREACHABLE_CODE = YES;
				CLANG_WARN__DUPLICATE_METHOD_MATCH = YES;
				"CODE_SIGN_IDENTITY[sdk=iphoneos*]" = "iPhone Developer";
				COPY_PHASE_STRIP = NO;
				DEBUG_INFORMATION_FORMAT = dwarf;
				ENABLE_STRICT_OBJC_MSGSEND = YES;
				ENABLE_TESTABILITY = YES;
				GCC_C_LANGUAGE_STANDARD = gnu99;
				GCC_DYNAMIC_NO_PIC = NO;
				GCC_NO_COMMON_BLOCKS = YES;
				GCC_OPTIMIZATION_LEVEL = 0;
				GCC_PREPROCESSOR_DEFINITIONS = (
					"DEBUG=1",
					"$(inherited)",
				);
				GCC_WARN_64_TO_32_BIT_CONVERSION = YES;
				GCC_WARN_ABOUT_RETURN_TYPE = YES_ERROR;
				GCC_WARN_UNDECLARED_SELECTOR = YES;
				GCC_WARN_UNINITIALIZED_AUTOS = YES_AGGRESSIVE;
				GCC_WARN_UNUSED_FUNCTION = YES;
				GCC_WARN_UNUSED_VARIABLE = YES;
				IPHONEOS_DEPLOYMENT_TARGET = 9.3;
				MTL_ENABLE_DEBUG_INFO = YES;
				ONLY_ACTIVE_ARCH = YES;
				PROVISIONING_PROFILE = "55b6cb96-264c-4c34-99a9-c07e9963b246";
				SDKROOT = iphoneos;
				SWIFT_OPTIMIZATION_LEVEL = "-Onone";
				TARGETED_DEVICE_FAMILY = "1,2";
			};
			name = Debug;
		};
		F00F2E791D5B60F7005F19AE /* Release */ = {
			isa = XCBuildConfiguration;
			buildSettings = {
				ALWAYS_SEARCH_USER_PATHS = NO;
				CLANG_ANALYZER_NONNULL = YES;
				CLANG_CXX_LANGUAGE_STANDARD = "gnu++0x";
				CLANG_CXX_LIBRARY = "libc++";
				CLANG_ENABLE_MODULES = YES;
				CLANG_ENABLE_OBJC_ARC = YES;
				CLANG_WARN_BOOL_CONVERSION = YES;
				CLANG_WARN_CONSTANT_CONVERSION = YES;
				CLANG_WARN_DIRECT_OBJC_ISA_USAGE = YES_ERROR;
				CLANG_WARN_EMPTY_BODY = YES;
				CLANG_WARN_ENUM_CONVERSION = YES;
				CLANG_WARN_INT_CONVERSION = YES;
				CLANG_WARN_OBJC_ROOT_CLASS = YES_ERROR;
				CLANG_WARN_UNREACHABLE_CODE = YES;
				CLANG_WARN__DUPLICATE_METHOD_MATCH = YES;
				"CODE_SIGN_IDENTITY[sdk=iphoneos*]" = "iPhone Developer";
				COPY_PHASE_STRIP = NO;
				DEBUG_INFORMATION_FORMAT = "dwarf-with-dsym";
				ENABLE_NS_ASSERTIONS = NO;
				ENABLE_STRICT_OBJC_MSGSEND = YES;
				GCC_C_LANGUAGE_STANDARD = gnu99;
				GCC_NO_COMMON_BLOCKS = YES;
				GCC_WARN_64_TO_32_BIT_CONVERSION = YES;
				GCC_WARN_ABOUT_RETURN_TYPE = YES_ERROR;
				GCC_WARN_UNDECLARED_SELECTOR = YES;
				GCC_WARN_UNINITIALIZED_AUTOS = YES_AGGRESSIVE;
				GCC_WARN_UNUSED_FUNCTION = YES;
				GCC_WARN_UNUSED_VARIABLE = YES;
				IPHONEOS_DEPLOYMENT_TARGET = 9.3;
				MTL_ENABLE_DEBUG_INFO = NO;
				PROVISIONING_PROFILE = "55b6cb96-264c-4c34-99a9-c07e9963b246";
				SDKROOT = iphoneos;
				TARGETED_DEVICE_FAMILY = "1,2";
				VALIDATE_PRODUCT = YES;
			};
			name = Release;
		};
		F00F2E7B1D5B60F7005F19AE /* Debug */ = {
			isa = XCBuildConfiguration;
			baseConfigurationReference = 94EE30DF3386ABCE19A5B21D /* Pods-iPose.debug.xcconfig */;
			buildSettings = {
				ASSETCATALOG_COMPILER_APPICON_NAME = AppIcon;
				CODE_SIGN_IDENTITY = "iPhone Developer";
				"CODE_SIGN_IDENTITY[sdk=iphoneos*]" = "iPhone Developer";
				INFOPLIST_FILE = iPose/Info.plist;
				IPHONEOS_DEPLOYMENT_TARGET = 9.0;
				LD_RUNPATH_SEARCH_PATHS = "$(inherited) @executable_path/Frameworks";
				LIBRARY_SEARCH_PATHS = (
					"$(inherited)",
					"$(PROJECT_DIR)/SDKExport",
				);
				PRODUCT_BUNDLE_IDENTIFIER = mazingwang.OMG.com.iPose;
				PRODUCT_NAME = "$(TARGET_NAME)";
				PROVISIONING_PROFILE = "";
				SWIFT_OBJC_BRIDGING_HEADER = iPose/iPose_Bridging_Header.h;
				TARGETED_DEVICE_FAMILY = 1;
			};
			name = Debug;
		};
		F00F2E7C1D5B60F7005F19AE /* Release */ = {
			isa = XCBuildConfiguration;
			baseConfigurationReference = 0F5C3EB97DCCD54893638D0D /* Pods-iPose.release.xcconfig */;
			buildSettings = {
				ASSETCATALOG_COMPILER_APPICON_NAME = AppIcon;
				CODE_SIGN_IDENTITY = "iPhone Developer";
				"CODE_SIGN_IDENTITY[sdk=iphoneos*]" = "iPhone Developer";
				INFOPLIST_FILE = iPose/Info.plist;
				IPHONEOS_DEPLOYMENT_TARGET = 9.0;
				LD_RUNPATH_SEARCH_PATHS = "$(inherited) @executable_path/Frameworks";
				LIBRARY_SEARCH_PATHS = (
					"$(inherited)",
					"$(PROJECT_DIR)/SDKExport",
				);
				PRODUCT_BUNDLE_IDENTIFIER = mazingwang.OMG.com.iPose;
				PRODUCT_NAME = "$(TARGET_NAME)";
				PROVISIONING_PROFILE = "";
				SWIFT_OBJC_BRIDGING_HEADER = iPose/iPose_Bridging_Header.h;
				TARGETED_DEVICE_FAMILY = 1;
			};
			name = Release;
		};
		F00F2E7E1D5B60F7005F19AE /* Debug */ = {
			isa = XCBuildConfiguration;
			buildSettings = {
				BUNDLE_LOADER = "$(TEST_HOST)";
				INFOPLIST_FILE = iPoseTests/Info.plist;
				LD_RUNPATH_SEARCH_PATHS = "$(inherited) @executable_path/Frameworks @loader_path/Frameworks";
				PRODUCT_BUNDLE_IDENTIFIER = mazingwang.OMG.com.iPoseTests;
				PRODUCT_NAME = "$(TARGET_NAME)";
				TEST_HOST = "$(BUILT_PRODUCTS_DIR)/iPose.app/iPose";
			};
			name = Debug;
		};
		F00F2E7F1D5B60F7005F19AE /* Release */ = {
			isa = XCBuildConfiguration;
			buildSettings = {
				BUNDLE_LOADER = "$(TEST_HOST)";
				INFOPLIST_FILE = iPoseTests/Info.plist;
				LD_RUNPATH_SEARCH_PATHS = "$(inherited) @executable_path/Frameworks @loader_path/Frameworks";
				PRODUCT_BUNDLE_IDENTIFIER = mazingwang.OMG.com.iPoseTests;
				PRODUCT_NAME = "$(TARGET_NAME)";
				TEST_HOST = "$(BUILT_PRODUCTS_DIR)/iPose.app/iPose";
			};
			name = Release;
		};
		F00F2E811D5B60F7005F19AE /* Debug */ = {
			isa = XCBuildConfiguration;
			buildSettings = {
				INFOPLIST_FILE = iPoseUITests/Info.plist;
				LD_RUNPATH_SEARCH_PATHS = "$(inherited) @executable_path/Frameworks @loader_path/Frameworks";
				PRODUCT_BUNDLE_IDENTIFIER = mazingwang.OMG.com.iPoseUITests;
				PRODUCT_NAME = "$(TARGET_NAME)";
				TEST_TARGET_NAME = iPose;
			};
			name = Debug;
		};
		F00F2E821D5B60F7005F19AE /* Release */ = {
			isa = XCBuildConfiguration;
			buildSettings = {
				INFOPLIST_FILE = iPoseUITests/Info.plist;
				LD_RUNPATH_SEARCH_PATHS = "$(inherited) @executable_path/Frameworks @loader_path/Frameworks";
				PRODUCT_BUNDLE_IDENTIFIER = mazingwang.OMG.com.iPoseUITests;
				PRODUCT_NAME = "$(TARGET_NAME)";
				TEST_TARGET_NAME = iPose;
			};
			name = Release;
		};
/* End XCBuildConfiguration section */

/* Begin XCConfigurationList section */
		F00F2E4D1D5B60F6005F19AE /* Build configuration list for PBXProject "iPose" */ = {
			isa = XCConfigurationList;
			buildConfigurations = (
				F00F2E781D5B60F7005F19AE /* Debug */,
				F00F2E791D5B60F7005F19AE /* Release */,
			);
			defaultConfigurationIsVisible = 0;
			defaultConfigurationName = Release;
		};
		F00F2E7A1D5B60F7005F19AE /* Build configuration list for PBXNativeTarget "iPose" */ = {
			isa = XCConfigurationList;
			buildConfigurations = (
				F00F2E7B1D5B60F7005F19AE /* Debug */,
				F00F2E7C1D5B60F7005F19AE /* Release */,
			);
			defaultConfigurationIsVisible = 0;
			defaultConfigurationName = Release;
		};
		F00F2E7D1D5B60F7005F19AE /* Build configuration list for PBXNativeTarget "iPoseTests" */ = {
			isa = XCConfigurationList;
			buildConfigurations = (
				F00F2E7E1D5B60F7005F19AE /* Debug */,
				F00F2E7F1D5B60F7005F19AE /* Release */,
			);
			defaultConfigurationIsVisible = 0;
			defaultConfigurationName = Release;
		};
		F00F2E801D5B60F7005F19AE /* Build configuration list for PBXNativeTarget "iPoseUITests" */ = {
			isa = XCConfigurationList;
			buildConfigurations = (
				F00F2E811D5B60F7005F19AE /* Debug */,
				F00F2E821D5B60F7005F19AE /* Release */,
			);
			defaultConfigurationIsVisible = 0;
			defaultConfigurationName = Release;
		};
/* End XCConfigurationList section */
	};
	rootObject = F00F2E4A1D5B60F6005F19AE /* Project object */;
}
